
Microsoft Visual Studio Solution File, Format Version 12.00
# Visual Studio 15
VisualStudioVersion = 15.0.27703.2018
MinimumVisualStudioVersion = 10.0.40219.1
Project("{FAE04EC0-301F-11D3-BF4B-00C04F79EFBC}") = "WinSalespersonDemo", "WinSalespersonDemo\WinSalespersonDemo.csproj", "{E34CBE6F-3B43-41F1-849B-6FCB0569CA59}"
EndProject
Global
	GlobalSection(SolutionConfigurationPlatforms) = preSolution
		Debug|Any CPU = Debug|Any CPU
		Release|Any CPU = Release|Any CPU
	EndGlobalSection
	GlobalSection(ProjectConfigurationPlatforms) = postSolution
		{E34CBE6F-3B43-41F1-849B-6FCB0569CA59}.Debug|Any CPU.ActiveCfg = Debug|Any CPU
		{E34CBE6F-3B43-41F1-849B-6FCB0569CA59}.Debug|Any CPU.Build.0 = Debug|Any CPU
		{E34CBE6F-3B43-41F1-849B-6FCB0569CA59}.Release|Any CPU.ActiveCfg = Release|Any CPU
		{E34CBE6F-3B43-41F1-849B-6FCB0569CA59}.Release|Any CPU.Build.0 = Release|Any CPU
	EndGlobalSection
	GlobalSection(SolutionProperties) = preSolution
		HideSolutionNode = FALSE
	EndGlobalSection
	GlobalSection(ExtensibilityGlobals) = postSolution
		SolutionGuid = {668E4ABA-1926-4C59-A8AE-D608A5F1195D}
	EndGlobalSection
EndGlobal
